
Microsoft Visual Studio Solution File, Format Version 12.00
# Visual Studio Version 17
VisualStudioVersion = 17.8.34330.188
MinimumVisualStudioVersion = 10.0.40219.1
Project("{FAE04EC0-301F-11D3-BF4B-00C04F79EFBC}") = "Dynamsoft.Maui8", "Dynamsoft.Maui8\Dynamsoft.Maui8.csproj", "{7F349961-7E9B-47EA-873B-A960F5B947FE}"
EndProject
Global
	GlobalSection(SolutionConfigurationPlatforms) = preSolution
		Debug|Any CPU = Debug|Any CPU
		Release|Any CPU = Release|Any CPU
	EndGlobalSection
	GlobalSection(ProjectConfigurationPlatforms) = postSolution
		{7F349961-7E9B-47EA-873B-A960F5B947FE}.Debug|Any CPU.ActiveCfg = Debug|Any CPU
		{7F349961-7E9B-47EA-873B-A960F5B947FE}.Debug|Any CPU.Build.0 = Debug|Any CPU
		{7F349961-7E9B-47EA-873B-A960F5B947FE}.Debug|Any CPU.Deploy.0 = Debug|Any CPU
		{7F349961-7E9B-47EA-873B-A960F5B947FE}.Release|Any CPU.ActiveCfg = Release|Any CPU
		{7F349961-7E9B-47EA-873B-A960F5B947FE}.Release|Any CPU.Build.0 = Release|Any CPU
		{7F349961-7E9B-47EA-873B-A960F5B947FE}.Release|Any CPU.Deploy.0 = Release|Any CPU
	EndGlobalSection
	GlobalSection(SolutionProperties) = preSolution
		HideSolutionNode = FALSE
	EndGlobalSection
	GlobalSection(ExtensibilityGlobals) = postSolution
		SolutionGuid = {8CEAA056-331F-498B-981B-F59E25B0A2FC}
	EndGlobalSection
EndGlobal
